
Microsoft Visual Studio Solution File, Format Version 12.00
# Visual Studio Version 16
VisualStudioVersion = 16.0.30413.136
MinimumVisualStudioVersion = 10.0.40219.1
Project("{FAE04EC0-301F-11D3-BF4B-00C04F79EFBC}") = "Game-Project-1", "Game-Project-1.csproj", "{CA613158-D4FC-4887-9355-9EDB21791D61}"
EndProject
Global
	GlobalSection(SolutionConfigurationPlatforms) = preSolution
		Debug|Any CPU = Debug|Any CPU
		Release|Any CPU = Release|Any CPU
	EndGlobalSection
	GlobalSection(ProjectConfigurationPlatforms) = postSolution
		{CA613158-D4FC-4887-9355-9EDB21791D61}.Debug|Any CPU.ActiveCfg = Debug|Any CPU
		{CA613158-D4FC-4887-9355-9EDB21791D61}.Debug|Any CPU.Build.0 = Debug|Any CPU
		{CA613158-D4FC-4887-9355-9EDB21791D61}.Release|Any CPU.ActiveCfg = Release|Any CPU
		{CA613158-D4FC-4887-9355-9EDB21791D61}.Release|Any CPU.Build.0 = Release|Any CPU
	EndGlobalSection
	GlobalSection(SolutionProperties) = preSolution
		HideSolutionNode = FALSE
	EndGlobalSection
	GlobalSection(ExtensibilityGlobals) = postSolution
		SolutionGuid = {95E38D2E-BDDC-4D32-86B4-D91C1833D4E0}
	EndGlobalSection
EndGlobal
